
Microsoft Visual Studio Solution File, Format Version 12.00
# Visual Studio Version 17
VisualStudioVersion = 17.4.33103.184
MinimumVisualStudioVersion = 10.0.40219.1
Project("{FAE04EC0-301F-11D3-BF4B-00C04F79EFBC}") = "Basics", "Basics.csproj", "{BF7C5DDE-C569-4D03-814A-74221F0495E7}"
EndProject
Global
	GlobalSection(SolutionConfigurationPlatforms) = preSolution
		Debug|Any CPU = Debug|Any CPU
		Release|Any CPU = Release|Any CPU
	EndGlobalSection
	GlobalSection(ProjectConfigurationPlatforms) = postSolution
		{BF7C5DDE-C569-4D03-814A-74221F0495E7}.Debug|Any CPU.ActiveCfg = Debug|Any CPU
		{BF7C5DDE-C569-4D03-814A-74221F0495E7}.Debug|Any CPU.Build.0 = Debug|Any CPU
		{BF7C5DDE-C569-4D03-814A-74221F0495E7}.Release|Any CPU.ActiveCfg = Release|Any CPU
		{BF7C5DDE-C569-4D03-814A-74221F0495E7}.Release|Any CPU.Build.0 = Release|Any CPU
	EndGlobalSection
	GlobalSection(SolutionProperties) = preSolution
		HideSolutionNode = FALSE
	EndGlobalSection
	GlobalSection(ExtensibilityGlobals) = postSolution
		SolutionGuid = {13089D47-FDF7-4FF8-B337-C3FC8854021A}
	EndGlobalSection
EndGlobal
